{
  "version": 4,
  "terraform_version": "1.2.6",
  "serial": 15,
  "lineage": "9c713e96-d0a9-267c-5ae3-3a6a4c9c5099",
  "outputs": {},
  "resources": [
    {
      "mode": "managed",
      "type": "aws_instance",
      "name": "dove-inst",
      "provider": "provider[\"registry.terraform.io/hashicorp/aws\"]",
      "instances": []
    },
    {
      "mode": "managed",
      "type": "aws_key_pair",
      "name": "dove-key",
      "provider": "provider[\"registry.terraform.io/hashicorp/aws\"]",
      "instances": [
        {
          "schema_version": 1,
          "attributes": {
            "arn": "arn:aws:ec2:us-east-1:903069577355:key-pair/dovekey",
            "fingerprint": "ce:e1:3b:33:58:e8:9d:e5:f9:46:91:a0:25:b4:ad:8e",
            "id": "dovekey",
            "key_name": "dovekey",
            "key_name_prefix": "",
            "key_pair_id": "key-0146ab22eb7fabd95",
            "key_type": "rsa",
            "public_key": "ssh-rsa AAAAB3NzaC1yc2EAAAADAQABAAABgQD8goL9BDrkmcymfNMT/oYSV+SUPJRneoWm1Du2u0JF5S46gJoZfNllDyYvLbxOrU4YZDX6Gtv8uDRDjjQM7Mn2BTYT1wTmArAPufDDbJ3Rq1QwVGvDKG2KzMrmvhSK1yWMG95wVsSlh/nEcJwiDG4N/UexXizjC2xqRn5LkVZaiEceyXlrJKzIsY5FaJEl2suGt/ZmeDynUZBbA4ti7KW+yxDx7YfEWzMLdHv1poGotEcRlH+NbXwmMUhQJvp+8X5h36b0bku1+aGVxwcvPKGSf2GbtPRiwQUT5cOrt171jE73tpadkZvXr306p09JsgBq701N946ywPRJ+KGRSyUpjFF1zIELqZJjEw0djjoaVgJls8P2xsO1GJu+Pb8f97sjoQVTmLuBmlTssl6u/0qHcq/UUQC7OeNR12EeNK+eGK6opm/Sdzuu2/+cS8M+M2005vSwkPJ0uRtSAtVEi7PgRg7MnVEcf7Ek463QlG39kWTUB4AJZkgjO+6vXoZYXY8= gehad@DESKTOP-S6GLQEV",
            "tags": null,
            "tags_all": {}
          },
          "sensitive_attributes": [],
          "private": "eyJzY2hlbWFfdmVyc2lvbiI6IjEifQ=="
        }
      ]
    }
  ]
}
