{
  "version": 4,
  "terraform_version": "1.2.6",
  "serial": 11,
  "lineage": "9c713e96-d0a9-267c-5ae3-3a6a4c9c5099",
  "outputs": {},
  "resources": [
    {
      "mode": "managed",
      "type": "aws_instance",
      "name": "dove-inst",
      "provider": "provider[\"registry.terraform.io/hashicorp/aws\"]",
      "instances": [
        {
          "status": "tainted",
          "schema_version": 1,
          "attributes": {
            "ami": "ami-0729e439b6769d6ab",
            "arn": "arn:aws:ec2:us-east-1:903069577355:instance/i-0c86cce849e75250e",
            "associate_public_ip_address": true,
            "availability_zone": "us-east-1a",
            "capacity_reservation_specification": [
              {
                "capacity_reservation_preference": "open",
                "capacity_reservation_target": []
              }
            ],
            "cpu_core_count": 1,
            "cpu_threads_per_core": 1,
            "credit_specification": [
              {
                "cpu_credits": "standard"
              }
            ],
            "disable_api_stop": false,
            "disable_api_termination": false,
            "ebs_block_device": [],
            "ebs_optimized": false,
            "enclave_options": [
              {
                "enabled": false
              }
            ],
            "ephemeral_block_device": [],
            "get_password_data": false,
            "hibernation": false,
            "host_id": null,
            "iam_instance_profile": "",
            "id": "i-0c86cce849e75250e",
            "instance_initiated_shutdown_behavior": "stop",
            "instance_state": "running",
            "instance_type": "t2.micro",
            "ipv6_address_count": 0,
            "ipv6_addresses": [],
            "key_name": "dovekey",
            "launch_template": [],
            "maintenance_options": [
              {
                "auto_recovery": "default"
              }
            ],
            "metadata_options": [
              {
                "http_endpoint": "enabled",
                "http_put_response_hop_limit": 1,
                "http_tokens": "optional",
                "instance_metadata_tags": "disabled"
              }
            ],
            "monitoring": false,
            "network_interface": [],
            "outpost_arn": "",
            "password_data": "",
            "placement_group": "",
            "placement_partition_number": null,
            "primary_network_interface_id": "eni-03de5b2c61bf3f4aa",
            "private_dns": "ip-172-31-29-27.ec2.internal",
            "private_dns_name_options": [
              {
                "enable_resource_name_dns_a_record": false,
                "enable_resource_name_dns_aaaa_record": false,
                "hostname_type": "ip-name"
              }
            ],
            "private_ip": "172.31.29.27",
            "public_dns": "ec2-54-87-137-79.compute-1.amazonaws.com",
            "public_ip": "54.87.137.79",
            "root_block_device": [
              {
                "delete_on_termination": true,
                "device_name": "/dev/sda1",
                "encrypted": false,
                "iops": 100,
                "kms_key_id": "",
                "tags": {},
                "throughput": 0,
                "volume_id": "vol-0d94cc98ad9b120dc",
                "volume_size": 8,
                "volume_type": "gp2"
              }
            ],
            "secondary_private_ips": [],
            "security_groups": [
              "dove-sg"
            ],
            "source_dest_check": true,
            "subnet_id": "subnet-0b030acfd2021e304",
            "tags": {
              "Name": "Dove-Instance",
              "Project": "Dove"
            },
            "tags_all": {
              "Name": "Dove-Instance",
              "Project": "Dove"
            },
            "tenancy": "default",
            "timeouts": null,
            "user_data": null,
            "user_data_base64": null,
            "user_data_replace_on_change": false,
            "volume_tags": null,
            "vpc_security_group_ids": [
              "sg-0a8001f33980b3b30"
            ]
          },
          "sensitive_attributes": [],
          "private": "eyJlMmJmYjczMC1lY2FhLTExZTYtOGY4OC0zNDM2M2JjN2M0YzAiOnsiY3JlYXRlIjo2MDAwMDAwMDAwMDAsImRlbGV0ZSI6MTIwMDAwMDAwMDAwMCwidXBkYXRlIjo2MDAwMDAwMDAwMDB9LCJzY2hlbWFfdmVyc2lvbiI6IjEifQ==",
          "dependencies": [
            "aws_key_pair.dove-key"
          ]
        }
      ]
    },
    {
      "mode": "managed",
      "type": "aws_key_pair",
      "name": "dove-key",
      "provider": "provider[\"registry.terraform.io/hashicorp/aws\"]",
      "instances": [
        {
          "schema_version": 1,
          "attributes": {
            "arn": "arn:aws:ec2:us-east-1:903069577355:key-pair/dovekey",
            "fingerprint": "ce:e1:3b:33:58:e8:9d:e5:f9:46:91:a0:25:b4:ad:8e",
            "id": "dovekey",
            "key_name": "dovekey",
            "key_name_prefix": "",
            "key_pair_id": "key-05e8d04503aa67876",
            "key_type": "rsa",
            "public_key": "ssh-rsa AAAAB3NzaC1yc2EAAAADAQABAAABgQD8goL9BDrkmcymfNMT/oYSV+SUPJRneoWm1Du2u0JF5S46gJoZfNllDyYvLbxOrU4YZDX6Gtv8uDRDjjQM7Mn2BTYT1wTmArAPufDDbJ3Rq1QwVGvDKG2KzMrmvhSK1yWMG95wVsSlh/nEcJwiDG4N/UexXizjC2xqRn5LkVZaiEceyXlrJKzIsY5FaJEl2suGt/ZmeDynUZBbA4ti7KW+yxDx7YfEWzMLdHv1poGotEcRlH+NbXwmMUhQJvp+8X5h36b0bku1+aGVxwcvPKGSf2GbtPRiwQUT5cOrt171jE73tpadkZvXr306p09JsgBq701N946ywPRJ+KGRSyUpjFF1zIELqZJjEw0djjoaVgJls8P2xsO1GJu+Pb8f97sjoQVTmLuBmlTssl6u/0qHcq/UUQC7OeNR12EeNK+eGK6opm/Sdzuu2/+cS8M+M2005vSwkPJ0uRtSAtVEi7PgRg7MnVEcf7Ek463QlG39kWTUB4AJZkgjO+6vXoZYXY8= gehad@DESKTOP-S6GLQEV",
            "tags": {},
            "tags_all": {}
          },
          "sensitive_attributes": [],
          "private": "eyJzY2hlbWFfdmVyc2lvbiI6IjEifQ=="
        }
      ]
    }
  ]
}
